dependencies:
- name: prometheus-operator-crds
  repository: oci://ghcr.io/prometheus-community/charts
  version: 30.0.1
- name: kyverno
  repository: oci://ghcr.io/kyverno/charts
  version: 3.8.1
- name: policies
  repository: file://../../charts/policies
  version: 0.4.0
digest: sha256:e54be8e629f374bda73b653adedc87447e5ffae6ab546cac10bc47fe01ae90e6
generated: "2026-07-05T16:09:55.510562072+02:00"
