dependencies:
- name: prometheus-operator-crds
  repository: oci://ghcr.io/prometheus-community/charts
  version: 23.0.0
- name: kyverno
  repository: oci://ghcr.io/kyverno/charts
  version: 3.6.1
digest: sha256:6c836f3c2cdc0457308f36e695b75feb9ea1af226e9323c56f66270bfc3a9ef9
generated: "2025-12-05T18:31:38.991263407Z"
