dependencies:
- name: postgres
  repository: oci://registry-1.docker.io/cloudpirates
  version: 0.13.8
- name: common
  repository: oci://ghcr.io/miracum/charts
  version: 0.1.1
digest: sha256:0918b80fd45fa573e7009e81144080c1c69f5ce00e451186e4ff014c50751c6f
generated: "2026-01-10T16:29:28.281099997Z"
