dependencies:
- name: postgres
  repository: oci://registry-1.docker.io/cloudpirates
  version: 0.19.6
- name: common
  repository: oci://ghcr.io/miracum/charts
  version: 0.1.1
digest: sha256:b24dcf3d9f16bea5570ed083ddac349c6b8a994b787cb1fc0b5250e69aa18b3e
generated: "2026-07-01T04:04:18.378359428Z"
