dependencies:
- name: postgres
  repository: oci://registry-1.docker.io/cloudpirates
  version: 0.21.2
- name: common
  repository: oci://ghcr.io/miracum/charts
  version: 0.1.1
digest: sha256:209d398fdb69cf8eb3220304cee5e97a71cd856e27c8ec0c446d83baaaebd143
generated: "2026-10-08T08:32:10.928024918Z"
