dependencies:
- name: pathling-server
  repository: oci://ghcr.io/chgl/charts
  version: 0.9.9
- name: hive-metastore
  repository: oci://ghcr.io/miracum/charts
  version: 0.4.26
- name: trino
  repository: https://trinodb.github.io/charts
  version: 1.42.0
digest: sha256:7c073e73d0ae5dd28d59fa892a06f5b9e4f8b7236623a230cdcd61a0c2931935
generated: "2026-02-28T06:42:54.321147245Z"
