dependencies:
- name: postgresql
  repository: oci://registry-1.docker.io/bitnamicharts
  version: 16.6.0
- name: common
  repository: oci://registry-1.docker.io/bitnamicharts
  version: 2.31.3
digest: sha256:41bfb2447e9582ac5445df9c17b8f6383fdff0bf64cc1c5a2ebbb25766389062
generated: "2025-07-01T03:42:59.740334661Z"
