dependencies:
- name: postgres
  repository: oci://registry-1.docker.io/cloudpirates
  version: 0.5.0
- name: common
  repository: oci://ghcr.io/miracum/charts
  version: 0.1.1
digest: sha256:6f74e86adf3d2370ed084b57760b7952091300a75b75be1faafbc66c6c3b8e09
generated: "2025-09-20T22:40:50.570192533Z"
