dependencies:
- name: postgres
  repository: oci://registry-1.docker.io/cloudpirates
  version: 0.2.2
- name: common
  repository: oci://ghcr.io/miracum/charts
  version: 0.1.0
digest: sha256:41f00c54925aa9abc6b6487c5001f63175de28bea0083c3e15e8cf1bc7e9416c
generated: "2025-08-31T15:28:29.301300391Z"
