dependencies:
- name: hapi-fhir-jpaserver
  repository: https://hapifhir.github.io/hapi-fhir-jpaserver-starter
  version: 0.10.1
- name: ohdsi
  repository: https://chgl.github.io/charts
  version: 0.19.1
- name: mailhog
  repository: https://codecentric.github.io/helm-charts
  version: 5.2.0
- name: postgresql
  repository: https://charts.bitnami.com/bitnami
  version: 11.9.13
- name: fhir-pseudonymizer
  repository: https://miracum.github.io/charts
  version: 0.3.0
digest: sha256:df86cb452128ef91c9448a030a9f998b50577581be77a7fd43d37e9b6d4fb338
generated: "2023-01-05T18:41:13.099614051Z"
