dependencies:
- name: hapi-fhir-jpaserver
  repository: https://hapifhir.github.io/hapi-fhir-jpaserver-starter
  version: 0.11.1
- name: ohdsi
  repository: https://chgl.github.io/charts
  version: 0.19.1
- name: mailhog
  repository: https://codecentric.github.io/helm-charts
  version: 5.2.0
- name: postgresql
  repository: https://charts.bitnami.com/bitnami
  version: 11.9.8
- name: fhir-pseudonymizer
  repository: https://miracum.github.io/charts
  version: 0.3.0
digest: sha256:5ae967b20dc1c173be7bc0417700d89fa1b09e9f550348c839e828c1a73b7943
generated: "2023-01-10T22:27:30.620116449Z"
