dependencies:
- name: vfps
  repository: oci://ghcr.io/miracum/charts
  version: 2.1.56
- name: common
  repository: oci://registry-1.docker.io/bitnamicharts
  version: 2.28.0
digest: sha256:c3957a4993b60b40660302405d1924f05bc2bf9095ad3988ec7f802bb84e9162
generated: "2024-12-21T11:17:35.117558334Z"
