dependencies:
- name: postgres
  repository: oci://registry-1.docker.io/cloudpirates
  version: 0.2.5
- name: common
  repository: oci://ghcr.io/miracum/charts
  version: 0.1.1
digest: sha256:d6a29e92a3c539657a3e3902bd22d089975f6ab3bf0fa83d95dce8f8350cc21a
generated: "2025-09-12T10:22:19.839943344Z"
