dependencies:
- name: postgres
  repository: oci://registry-1.docker.io/cloudpirates
  version: 0.2.2
- name: common
  repository: oci://ghcr.io/miracum/charts
  version: 0.1.1
digest: sha256:bfb8443d5fddc62f13606b4fd3b5f7735fc903b945bafa9099142d00d0cbccde
generated: "2025-08-31T20:23:11.450988136Z"
