dependencies:
- name: postgres
  repository: oci://registry-1.docker.io/cloudpirates
  version: 0.2.1
- name: common
  repository: oci://ghcr.io/miracum/charts
  version: 0.1.0
digest: sha256:543364fbf5b3dcc0917058aa0bde704fd3c4cdcdc9828dc237524ff0a94193c8
generated: "2025-08-31T15:01:09.716643925+02:00"
