dependencies:
- name: postgres
  repository: oci://registry-1.docker.io/cloudpirates
  version: 0.14.4
- name: fhir-pseudonymizer
  repository: oci://ghcr.io/miracum/charts
  version: 0.8.29
- name: common
  repository: oci://ghcr.io/miracum/charts
  version: 0.1.1
digest: sha256:4048b7ba10c71cba7860cbdf87d748e54f5d196f09a0375ec201bb27c3eaf2bc
generated: "2026-03-03T10:41:31.530873333Z"
